
Microsoft Visual Studio Solution File, Format Version 12.00
# Visual Studio 15
VisualStudioVersion = 15.0.28307.168
MinimumVisualStudioVersion = 10.0.40219.1
Project("{FAE04EC0-301F-11D3-BF4B-00C04F79EFBC}") = "Exercicio2", "Exercicio2\Exercicio2.csproj", "{C180C688-FF6D-461F-AFF9-862969BADDD6}"
EndProject
Global
	GlobalSection(SolutionConfigurationPlatforms) = preSolution
		Debug|Any CPU = Debug|Any CPU
		Release|Any CPU = Release|Any CPU
	EndGlobalSection
	GlobalSection(ProjectConfigurationPlatforms) = postSolution
		{C180C688-FF6D-461F-AFF9-862969BADDD6}.Debug|Any CPU.ActiveCfg = Debug|Any CPU
		{C180C688-FF6D-461F-AFF9-862969BADDD6}.Debug|Any CPU.Build.0 = Debug|Any CPU
		{C180C688-FF6D-461F-AFF9-862969BADDD6}.Release|Any CPU.ActiveCfg = Release|Any CPU
		{C180C688-FF6D-461F-AFF9-862969BADDD6}.Release|Any CPU.Build.0 = Release|Any CPU
	EndGlobalSection
	GlobalSection(SolutionProperties) = preSolution
		HideSolutionNode = FALSE
	EndGlobalSection
	GlobalSection(ExtensibilityGlobals) = postSolution
		SolutionGuid = {4E1B56BD-3D9F-413C-823C-AFA2FA74BD20}
	EndGlobalSection
EndGlobal
