
Microsoft Visual Studio Solution File, Format Version 12.00
# Visual Studio 15
VisualStudioVersion = 15.0.28307.168
MinimumVisualStudioVersion = 10.0.40219.1
Project("{FAE04EC0-301F-11D3-BF4B-00C04F79EFBC}") = "PrimeiroApp", "PrimeiroApp\PrimeiroApp.csproj", "{D28EE9E0-3307-46E5-BAF5-57671A3596DB}"
EndProject
Global
	GlobalSection(SolutionConfigurationPlatforms) = preSolution
		Debug|Any CPU = Debug|Any CPU
		Release|Any CPU = Release|Any CPU
	EndGlobalSection
	GlobalSection(ProjectConfigurationPlatforms) = postSolution
		{D28EE9E0-3307-46E5-BAF5-57671A3596DB}.Debug|Any CPU.ActiveCfg = Debug|Any CPU
		{D28EE9E0-3307-46E5-BAF5-57671A3596DB}.Debug|Any CPU.Build.0 = Debug|Any CPU
		{D28EE9E0-3307-46E5-BAF5-57671A3596DB}.Release|Any CPU.ActiveCfg = Release|Any CPU
		{D28EE9E0-3307-46E5-BAF5-57671A3596DB}.Release|Any CPU.Build.0 = Release|Any CPU
	EndGlobalSection
	GlobalSection(SolutionProperties) = preSolution
		HideSolutionNode = FALSE
	EndGlobalSection
	GlobalSection(ExtensibilityGlobals) = postSolution
		SolutionGuid = {3C923A9C-598C-4D45-8F68-DC7C0BCD0742}
	EndGlobalSection
EndGlobal
