
Microsoft Visual Studio Solution File, Format Version 12.00
# Visual Studio 15
VisualStudioVersion = 15.0.28307.168
MinimumVisualStudioVersion = 10.0.40219.1
Project("{FAE04EC0-301F-11D3-BF4B-00C04F79EFBC}") = "ConsoleBanco1", "ConsoleBanco1\ConsoleBanco1.csproj", "{6774DB48-802F-4F40-A5AF-BE7A1761B8CB}"
EndProject
Global
	GlobalSection(SolutionConfigurationPlatforms) = preSolution
		Debug|Any CPU = Debug|Any CPU
		Release|Any CPU = Release|Any CPU
	EndGlobalSection
	GlobalSection(ProjectConfigurationPlatforms) = postSolution
		{6774DB48-802F-4F40-A5AF-BE7A1761B8CB}.Debug|Any CPU.ActiveCfg = Debug|Any CPU
		{6774DB48-802F-4F40-A5AF-BE7A1761B8CB}.Debug|Any CPU.Build.0 = Debug|Any CPU
		{6774DB48-802F-4F40-A5AF-BE7A1761B8CB}.Release|Any CPU.ActiveCfg = Release|Any CPU
		{6774DB48-802F-4F40-A5AF-BE7A1761B8CB}.Release|Any CPU.Build.0 = Release|Any CPU
	EndGlobalSection
	GlobalSection(SolutionProperties) = preSolution
		HideSolutionNode = FALSE
	EndGlobalSection
	GlobalSection(ExtensibilityGlobals) = postSolution
		SolutionGuid = {33F027E8-EFAB-4FA1-A716-42FE264A1A89}
	EndGlobalSection
EndGlobal
